
Microsoft Visual Studio Solution File, Format Version 12.00
# Visual Studio Version 18
VisualStudioVersion = 18.6.11822.322 stable
MinimumVisualStudioVersion = 10.0.40219.1
Project("{FAE04EC0-301F-11D3-BF4B-00C04F79EFBC}") = "TicTacToe", "TicTacToe.csproj", "{F6F48C36-A0D2-806A-AA88-EACE1E0500E8}"
EndProject
Global
	GlobalSection(SolutionConfigurationPlatforms) = preSolution
		Debug|Any CPU = Debug|Any CPU
		Release|Any CPU = Release|Any CPU
	EndGlobalSection
	GlobalSection(ProjectConfigurationPlatforms) = postSolution
		{F6F48C36-A0D2-806A-AA88-EACE1E0500E8}.Debug|Any CPU.ActiveCfg = Debug|Any CPU
		{F6F48C36-A0D2-806A-AA88-EACE1E0500E8}.Debug|Any CPU.Build.0 = Debug|Any CPU
		{F6F48C36-A0D2-806A-AA88-EACE1E0500E8}.Release|Any CPU.ActiveCfg = Release|Any CPU
		{F6F48C36-A0D2-806A-AA88-EACE1E0500E8}.Release|Any CPU.Build.0 = Release|Any CPU
	EndGlobalSection
	GlobalSection(SolutionProperties) = preSolution
		HideSolutionNode = FALSE
	EndGlobalSection
	GlobalSection(ExtensibilityGlobals) = postSolution
		SolutionGuid = {C86BB75A-BD20-4C3A-A60B-7F4C2D9714B0}
	EndGlobalSection
EndGlobal
